PODS:
  - BigInt (3.1.0):
    - SipHash (~> 1.2)
  - CommonSwift (1.0.0):
    - BigInt (~> 3.1)
  - SipHash (1.2.2)

DEPENDENCIES:
  - CommonSwift (from `../`)

SPEC REPOS:
  trunk:
    - BigInt
    - SipHash

EXTERNAL SOURCES:
  CommonSwift:
    :path: "../"

SPEC CHECKSUMS:
  BigInt: 76b5dfdfa3e2e478d4ffdf161aeede5502e2742f
  CommonSwift: c524530c8e1a212078aa5cea86205188b476d760
  SipHash: fad90a4683e420c52ef28063063dbbce248ea6d4

PODFILE CHECKSUM: dba4558125af06e4ee9d9af5bb563c7a29195b18

COCOAPODS: 1.11.3
