PODS:
  - BigInt (5.0.0)
  - CommonSwift (1.0.0):
    - BigInt (~> 5.0.0)

DEPENDENCIES:
  - CommonSwift (from `../`)

SPEC REPOS:
  trunk:
    - BigInt

EXTERNAL SOURCES:
  CommonSwift:
    :path: "../"

SPEC CHECKSUMS:
  BigInt: 74b4d88367b0e819d9f77393549226d36faeb0d8
  CommonSwift: ad350f0e06c040e5cb660cd7154f947851c73fbd

PODFILE CHECKSUM: dba4558125af06e4ee9d9af5bb563c7a29195b18

COCOAPODS: 1.11.3
